
Microsoft Visual Studio Solution File, Format Version 12.00
# Visual Studio Version 17
VisualStudioVersion = 17.13.35913.81 d17.13
MinimumVisualStudioVersion = 10.0.40219.1
Project("{FAE04EC0-301F-11D3-BF4B-00C04F79EFBC}") = "Sota6Si", "Sota6Si\Sota6Si.csproj", "{B5340E72-BB15-45A9-9997-3745624521BF}"
EndProject
Global
	GlobalSection(SolutionConfigurationPlatforms) = preSolution
		Debug|Any CPU = Debug|Any CPU
		Release|Any CPU = Release|Any CPU
	EndGlobalSection
	GlobalSection(ProjectConfigurationPlatforms) = postSolution
		{B5340E72-BB15-45A9-9997-3745624521BF}.Debug|Any CPU.ActiveCfg = Debug|Any CPU
		{B5340E72-BB15-45A9-9997-3745624521BF}.Debug|Any CPU.Build.0 = Debug|Any CPU
		{B5340E72-BB15-45A9-9997-3745624521BF}.Release|Any CPU.ActiveCfg = Release|Any CPU
		{B5340E72-BB15-45A9-9997-3745624521BF}.Release|Any CPU.Build.0 = Release|Any CPU
	EndGlobalSection
	GlobalSection(SolutionProperties) = preSolution
		HideSolutionNode = FALSE
	EndGlobalSection
	GlobalSection(ExtensibilityGlobals) = postSolution
		SolutionGuid = {46BCE64C-C47C-4141-A8D5-776BD9D85BA8}
	EndGlobalSection
EndGlobal
